
Microsoft Visual Studio Solution File, Format Version 12.00
# Visual Studio Version 17
VisualStudioVersion = 17.2.32526.322
MinimumVisualStudioVersion = 10.0.40219.1
Project("{FAE04EC0-301F-11D3-BF4B-00C04F79EFBC}") = "DictionaryBit", "DictionaryBit\DictionaryBit.csproj", "{8CCA6097-A0BC-4336-A189-9CA3732887C7}"
EndProject
Global
	GlobalSection(SolutionConfigurationPlatforms) = preSolution
		Debug|Any CPU = Debug|Any CPU
		Release|Any CPU = Release|Any CPU
	EndGlobalSection
	GlobalSection(ProjectConfigurationPlatforms) = postSolution
		{8CCA6097-A0BC-4336-A189-9CA3732887C7}.Debug|Any CPU.ActiveCfg = Debug|Any CPU
		{8CCA6097-A0BC-4336-A189-9CA3732887C7}.Debug|Any CPU.Build.0 = Debug|Any CPU
		{8CCA6097-A0BC-4336-A189-9CA3732887C7}.Release|Any CPU.ActiveCfg = Release|Any CPU
		{8CCA6097-A0BC-4336-A189-9CA3732887C7}.Release|Any CPU.Build.0 = Release|Any CPU
	EndGlobalSection
	GlobalSection(SolutionProperties) = preSolution
		HideSolutionNode = FALSE
	EndGlobalSection
	GlobalSection(ExtensibilityGlobals) = postSolution
		SolutionGuid = {EC6EC4BE-B6A7-402C-8746-319CD4D638FF}
	EndGlobalSection
EndGlobal
